
Microsoft Visual Studio Solution File, Format Version 12.00
# Visual Studio Version 17
VisualStudioVersion = 17.8.34309.116
MinimumVisualStudioVersion = 10.0.40219.1
Project("{FAE04EC0-301F-11D3-BF4B-00C04F79EFBC}") = "RPG(UNILOGIN)", "RPG(UNILOGIN)\RPG(UNILOGIN).csproj", "{5B963355-7770-4D78-85DF-3B048024950D}"
EndProject
Global
	GlobalSection(SolutionConfigurationPlatforms) = preSolution
		Debug|Any CPU = Debug|Any CPU
		Release|Any CPU = Release|Any CPU
	EndGlobalSection
	GlobalSection(ProjectConfigurationPlatforms) = postSolution
		{5B963355-7770-4D78-85DF-3B048024950D}.Debug|Any CPU.ActiveCfg = Debug|Any CPU
		{5B963355-7770-4D78-85DF-3B048024950D}.Debug|Any CPU.Build.0 = Debug|Any CPU
		{5B963355-7770-4D78-85DF-3B048024950D}.Release|Any CPU.ActiveCfg = Release|Any CPU
		{5B963355-7770-4D78-85DF-3B048024950D}.Release|Any CPU.Build.0 = Release|Any CPU
	EndGlobalSection
	GlobalSection(SolutionProperties) = preSolution
		HideSolutionNode = FALSE
	EndGlobalSection
	GlobalSection(ExtensibilityGlobals) = postSolution
		SolutionGuid = {818B212D-9C5B-4869-BD80-42B9D4EC5D46}
	EndGlobalSection
EndGlobal
